
Microsoft Visual Studio Solution File, Format Version 12.00
# Visual Studio Version 17
VisualStudioVersion = 17.9.34728.123
MinimumVisualStudioVersion = 10.0.40219.1
Project("{2150E333-8FDC-42A3-9474-1A3956D46DE8}") = "NorthWind.Entities", "NorthWind.Entities", "{EB87D921-253E-4B4D-88F0-DC4B5DF9CA15}"
	ProjectSection(SolutionItems) = preProject
		NorthWind.Entities.csproj = NorthWind.Entities.csproj
	EndProjectSection
EndProject
Project("{2150E333-8FDC-42A3-9474-1A3956D46DE8}") = "ValueObjects", "ValueObjects", "{553F575C-2271-4741-921D-0E612D496C41}"
	ProjectSection(SolutionItems) = preProject
		UserAction.cs = UserAction.cs
	EndProjectSection
EndProject
Project("{2150E333-8FDC-42A3-9474-1A3956D46DE8}") = "NorthWind.ConsoleApp", "NorthWind.ConsoleApp", "{6A934DDF-37E4-47FB-A7FA-91EF12EB0ECA}"
	ProjectSection(SolutionItems) = preProject
		NorthWind.ConsoleApp.csproj = NorthWind.ConsoleApp.csproj
		Program.cs = Program.cs
	EndProjectSection
EndProject
Project("{2150E333-8FDC-42A3-9474-1A3956D46DE8}") = "Services", "Services", "{18816EBC-B006-402F-8644-B8DD1982C78C}"
	ProjectSection(SolutionItems) = preProject
		AppLogger.cs = AppLogger.cs
	EndProjectSection
EndProject
Global
	GlobalSection(SolutionProperties) = preSolution
		HideSolutionNode = FALSE
	EndGlobalSection
	GlobalSection(NestedProjects) = preSolution
		{553F575C-2271-4741-921D-0E612D496C41} = {EB87D921-253E-4B4D-88F0-DC4B5DF9CA15}
		{18816EBC-B006-402F-8644-B8DD1982C78C} = {6A934DDF-37E4-47FB-A7FA-91EF12EB0ECA}
	EndGlobalSection
	GlobalSection(ExtensibilityGlobals) = postSolution
		SolutionGuid = {9C115456-3288-4E9B-84E2-1038F3149750}
	EndGlobalSection
EndGlobal
